
Microsoft Visual Studio Solution File, Format Version 12.00
# Visual Studio 15
VisualStudioVersion = 15.0.27428.2005
MinimumVisualStudioVersion = 10.0.40219.1
Project("{2150E333-8FDC-42A3-9474-1A3956D46DE8}") = "1.Clients", "1.Clients", "{DB8024E1-BB53-4E43-A122-B317C88A9E54}"
	ProjectSection(SolutionItems) = preProject
		1_Clients\Clients.ReadMe.txt = 1_Clients\Clients.ReadMe.txt
	EndProjectSection
EndProject
Project("{2150E333-8FDC-42A3-9474-1A3956D46DE8}") = "2.Managers", "2.Managers", "{641B805D-2E47-40D8-99A2-E8592B64F5DD}"
	ProjectSection(SolutionItems) = preProject
		2_Managers\Managers.ReadMe.txt = 2_Managers\Managers.ReadMe.txt
	EndProjectSection
EndProject
Project("{2150E333-8FDC-42A3-9474-1A3956D46DE8}") = "3.Engines", "3.Engines", "{F8F9A89F-5119-48DE-81ED-20616E150FFC}"
	ProjectSection(SolutionItems) = preProject
		3_Engines\Engines.ReadMe.Txt = 3_Engines\Engines.ReadMe.Txt
	EndProjectSection
EndProject
Project("{2150E333-8FDC-42A3-9474-1A3956D46DE8}") = "4.ResoureAccessors", "4.ResoureAccessors", "{ED3684DD-B0FD-4C9E-AA2E-70A421498BAF}"
	ProjectSection(SolutionItems) = preProject
		4_ResourceAccessors\ResourceAccessors.ReadMe.txt = 4_ResourceAccessors\ResourceAccessors.ReadMe.txt
	EndProjectSection
EndProject
Project("{2150E333-8FDC-42A3-9474-1A3956D46DE8}") = "5.Shared", "5.Shared", "{2C7235E0-092F-4584-A1A9-AC6549EC73C9}"
	ProjectSection(SolutionItems) = preProject
		5_Shared\Shared.ReadMe.txt = 5_Shared\Shared.ReadMe.txt
	EndProjectSection
EndProject
Project("{2150E333-8FDC-42A3-9474-1A3956D46DE8}") = "Tests", "Tests", "{5EE6C192-139B-4467-8E46-3D132E3AFF1C}"
	ProjectSection(SolutionItems) = preProject
		Tests\Test.ReadMe.txt = Tests\Test.ReadMe.txt
	EndProjectSection
EndProject
Project("{FAE04EC0-301F-11D3-BF4B-00C04F79EFBC}") = "UserManager", "2_Managers\UserManager\UserManager.csproj", "{F6CF0FB9-F7EF-4B4C-9B36-4E77E5C022EF}"
EndProject
Project("{2150E333-8FDC-42A3-9474-1A3956D46DE8}") = "Contracts", "Contracts", "{8C76A878-BCBD-4F40-A582-FCFC9EBCBFBC}"
EndProject
Project("{FAE04EC0-301F-11D3-BF4B-00C04F79EFBC}") = "Contracts", "5_Shared\Contracts\Contracts.csproj", "{58B7E643-5883-4B57-8D97-E336F18CC7E0}"
EndProject
Project("{2150E333-8FDC-42A3-9474-1A3956D46DE8}") = "DataContracts", "DataContracts", "{996FD714-C150-4916-9BDF-7E38BDC7F422}"
EndProject
Project("{FAE04EC0-301F-11D3-BF4B-00C04F79EFBC}") = "DataContracts", "5_Shared\DataContracts\DataContracts.csproj", "{BAC7D124-DD7B-401D-9BBD-60952F58B1FB}"
EndProject
Project("{FAE04EC0-301F-11D3-BF4B-00C04F79EFBC}") = "MongoDbAccessor", "4_ResourceAccessors\MongoDbAccessor\MongoDbAccessor.csproj", "{AF45112C-FB27-4A88-88DD-990221105C15}"
EndProject
Project("{FAE04EC0-301F-11D3-BF4B-00C04F79EFBC}") = "SqlServerAccessor", "4_ResourceAccessors\SqlServerAccessor\SqlServerAccessor.csproj", "{E80E29EF-DB0C-4D09-8F91-5D9D70B687EF}"
EndProject
Project("{2150E333-8FDC-42A3-9474-1A3956D46DE8}") = "IoC", "IoC", "{AD483D90-2453-46AD-8611-BEA9E7C62950}"
EndProject
Project("{FAE04EC0-301F-11D3-BF4B-00C04F79EFBC}") = "DependencyInjection", "5_Shared\IoC\DependencyInjection.csproj", "{4A8F275C-5B64-4FA0-AE5F-76220DAB07C5}"
EndProject
Project("{FAE04EC0-301F-11D3-BF4B-00C04F79EFBC}") = "MongoDbAccessor_Tests", "Tests\MongoDbAccessor_Tests\MongoDbAccessor_Tests.csproj", "{F72D8243-44A9-480B-8E67-BC72EC10C1DB}"
EndProject
Project("{FAE04EC0-301F-11D3-BF4B-00C04F79EFBC}") = "Engines", "3_Engines\Engines\Engines.csproj", "{009A45FD-2E3D-4224-AD7A-F6BBBE7A8652}"
EndProject
Global
	GlobalSection(SolutionConfigurationPlatforms) = preSolution
		Debug|Any CPU = Debug|Any CPU
		Release|Any CPU = Release|Any CPU
	EndGlobalSection
	GlobalSection(ProjectConfigurationPlatforms) = postSolution
		{F6CF0FB9-F7EF-4B4C-9B36-4E77E5C022EF}.Debug|Any CPU.ActiveCfg = Debug|Any CPU
		{F6CF0FB9-F7EF-4B4C-9B36-4E77E5C022EF}.Debug|Any CPU.Build.0 = Debug|Any CPU
		{F6CF0FB9-F7EF-4B4C-9B36-4E77E5C022EF}.Release|Any CPU.ActiveCfg = Release|Any CPU
		{F6CF0FB9-F7EF-4B4C-9B36-4E77E5C022EF}.Release|Any CPU.Build.0 = Release|Any CPU
		{58B7E643-5883-4B57-8D97-E336F18CC7E0}.Debug|Any CPU.ActiveCfg = Debug|Any CPU
		{58B7E643-5883-4B57-8D97-E336F18CC7E0}.Debug|Any CPU.Build.0 = Debug|Any CPU
		{58B7E643-5883-4B57-8D97-E336F18CC7E0}.Release|Any CPU.ActiveCfg = Release|Any CPU
		{58B7E643-5883-4B57-8D97-E336F18CC7E0}.Release|Any CPU.Build.0 = Release|Any CPU
		{BAC7D124-DD7B-401D-9BBD-60952F58B1FB}.Debug|Any CPU.ActiveCfg = Debug|Any CPU
		{BAC7D124-DD7B-401D-9BBD-60952F58B1FB}.Debug|Any CPU.Build.0 = Debug|Any CPU
		{BAC7D124-DD7B-401D-9BBD-60952F58B1FB}.Release|Any CPU.ActiveCfg = Release|Any CPU
		{BAC7D124-DD7B-401D-9BBD-60952F58B1FB}.Release|Any CPU.Build.0 = Release|Any CPU
		{AF45112C-FB27-4A88-88DD-990221105C15}.Debug|Any CPU.ActiveCfg = Debug|Any CPU
		{AF45112C-FB27-4A88-88DD-990221105C15}.Debug|Any CPU.Build.0 = Debug|Any CPU
		{AF45112C-FB27-4A88-88DD-990221105C15}.Release|Any CPU.ActiveCfg = Release|Any CPU
		{AF45112C-FB27-4A88-88DD-990221105C15}.Release|Any CPU.Build.0 = Release|Any CPU
		{E80E29EF-DB0C-4D09-8F91-5D9D70B687EF}.Debug|Any CPU.ActiveCfg = Debug|Any CPU
		{E80E29EF-DB0C-4D09-8F91-5D9D70B687EF}.Debug|Any CPU.Build.0 = Debug|Any CPU
		{E80E29EF-DB0C-4D09-8F91-5D9D70B687EF}.Release|Any CPU.ActiveCfg = Release|Any CPU
		{E80E29EF-DB0C-4D09-8F91-5D9D70B687EF}.Release|Any CPU.Build.0 = Release|Any CPU
		{4A8F275C-5B64-4FA0-AE5F-76220DAB07C5}.Debug|Any CPU.ActiveCfg = Debug|Any CPU
		{4A8F275C-5B64-4FA0-AE5F-76220DAB07C5}.Debug|Any CPU.Build.0 = Debug|Any CPU
		{4A8F275C-5B64-4FA0-AE5F-76220DAB07C5}.Release|Any CPU.ActiveCfg = Release|Any CPU
		{4A8F275C-5B64-4FA0-AE5F-76220DAB07C5}.Release|Any CPU.Build.0 = Release|Any CPU
		{F72D8243-44A9-480B-8E67-BC72EC10C1DB}.Debug|Any CPU.ActiveCfg = Debug|Any CPU
		{F72D8243-44A9-480B-8E67-BC72EC10C1DB}.Debug|Any CPU.Build.0 = Debug|Any CPU
		{F72D8243-44A9-480B-8E67-BC72EC10C1DB}.Release|Any CPU.ActiveCfg = Release|Any CPU
		{F72D8243-44A9-480B-8E67-BC72EC10C1DB}.Release|Any CPU.Build.0 = Release|Any CPU
		{009A45FD-2E3D-4224-AD7A-F6BBBE7A8652}.Debug|Any CPU.ActiveCfg = Debug|Any CPU
		{009A45FD-2E3D-4224-AD7A-F6BBBE7A8652}.Debug|Any CPU.Build.0 = Debug|Any CPU
		{009A45FD-2E3D-4224-AD7A-F6BBBE7A8652}.Release|Any CPU.ActiveCfg = Release|Any CPU
		{009A45FD-2E3D-4224-AD7A-F6BBBE7A8652}.Release|Any CPU.Build.0 = Release|Any CPU
	EndGlobalSection
	GlobalSection(SolutionProperties) = preSolution
		HideSolutionNode = FALSE
	EndGlobalSection
	GlobalSection(NestedProjects) = preSolution
		{F6CF0FB9-F7EF-4B4C-9B36-4E77E5C022EF} = {641B805D-2E47-40D8-99A2-E8592B64F5DD}
		{8C76A878-BCBD-4F40-A582-FCFC9EBCBFBC} = {2C7235E0-092F-4584-A1A9-AC6549EC73C9}
		{58B7E643-5883-4B57-8D97-E336F18CC7E0} = {8C76A878-BCBD-4F40-A582-FCFC9EBCBFBC}
		{996FD714-C150-4916-9BDF-7E38BDC7F422} = {2C7235E0-092F-4584-A1A9-AC6549EC73C9}
		{BAC7D124-DD7B-401D-9BBD-60952F58B1FB} = {996FD714-C150-4916-9BDF-7E38BDC7F422}
		{AF45112C-FB27-4A88-88DD-990221105C15} = {ED3684DD-B0FD-4C9E-AA2E-70A421498BAF}
		{E80E29EF-DB0C-4D09-8F91-5D9D70B687EF} = {ED3684DD-B0FD-4C9E-AA2E-70A421498BAF}
		{AD483D90-2453-46AD-8611-BEA9E7C62950} = {2C7235E0-092F-4584-A1A9-AC6549EC73C9}
		{4A8F275C-5B64-4FA0-AE5F-76220DAB07C5} = {AD483D90-2453-46AD-8611-BEA9E7C62950}
		{F72D8243-44A9-480B-8E67-BC72EC10C1DB} = {5EE6C192-139B-4467-8E46-3D132E3AFF1C}
		{009A45FD-2E3D-4224-AD7A-F6BBBE7A8652} = {F8F9A89F-5119-48DE-81ED-20616E150FFC}
	EndGlobalSection
	GlobalSection(ExtensibilityGlobals) = postSolution
		SolutionGuid = {041CBA30-1B06-49E1-82ED-98975E3432DA}
	EndGlobalSection
EndGlobal
