
Microsoft Visual Studio Solution File, Format Version 12.00
# Visual Studio 15
VisualStudioVersion = 15.0.27428.2005
MinimumVisualStudioVersion = 10.0.40219.1
Project("{2150E333-8FDC-42A3-9474-1A3956D46DE8}") = "1.Clients", "1.Clients", "{DB8024E1-BB53-4E43-A122-B317C88A9E54}"
	ProjectSection(SolutionItems) = preProject
		1_Clients\Clients.ReadMe.txt = 1_Clients\Clients.ReadMe.txt
	EndProjectSection
EndProject
Project("{2150E333-8FDC-42A3-9474-1A3956D46DE8}") = "2.Managers", "2.Managers", "{641B805D-2E47-40D8-99A2-E8592B64F5DD}"
	ProjectSection(SolutionItems) = preProject
		2_Managers\Managers.ReadMe.txt = 2_Managers\Managers.ReadMe.txt
	EndProjectSection
EndProject
Project("{2150E333-8FDC-42A3-9474-1A3956D46DE8}") = "3.Engines", "3.Engines", "{F8F9A89F-5119-48DE-81ED-20616E150FFC}"
	ProjectSection(SolutionItems) = preProject
		3_Engines\Engines.ReadMe.Txt = 3_Engines\Engines.ReadMe.Txt
	EndProjectSection
EndProject
Project("{2150E333-8FDC-42A3-9474-1A3956D46DE8}") = "4.ResoureAccessors", "4.ResoureAccessors", "{ED3684DD-B0FD-4C9E-AA2E-70A421498BAF}"
	ProjectSection(SolutionItems) = preProject
		4_ResourceAccessors\ResourceAccessors.ReadMe.txt = 4_ResourceAccessors\ResourceAccessors.ReadMe.txt
	EndProjectSection
EndProject
Project("{2150E333-8FDC-42A3-9474-1A3956D46DE8}") = "5.Shared", "5.Shared", "{2C7235E0-092F-4584-A1A9-AC6549EC73C9}"
	ProjectSection(SolutionItems) = preProject
		5_Shared\Shared.ReadMe.txt = 5_Shared\Shared.ReadMe.txt
	EndProjectSection
EndProject
Project("{2150E333-8FDC-42A3-9474-1A3956D46DE8}") = "Tests", "Tests", "{5EE6C192-139B-4467-8E46-3D132E3AFF1C}"
	ProjectSection(SolutionItems) = preProject
		Tests\Test.ReadMe.txt = Tests\Test.ReadMe.txt
	EndProjectSection
EndProject
Project("{2150E333-8FDC-42A3-9474-1A3956D46DE8}") = "Contracts", "Contracts", "{FBC0F695-E507-44E6-A148-9D84C5321567}"
EndProject
Project("{2150E333-8FDC-42A3-9474-1A3956D46DE8}") = "DataContracts", "DataContracts", "{ED341D44-073A-44F4-B32C-FFE32A8CFAAB}"
EndProject
Project("{2150E333-8FDC-42A3-9474-1A3956D46DE8}") = "IoC", "IoC", "{13A5135A-B698-4F56-9905-2657357921F2}"
EndProject
Project("{9A19103F-16F7-4668-BE54-9A1E7A4F7556}") = "IoC", "5_Shared\IoC\IoC.csproj", "{AE753958-F45B-43F4-80D2-9D19ADE56C86}"
EndProject
Project("{9A19103F-16F7-4668-BE54-9A1E7A4F7556}") = "DataContracts", "5_Shared\DataContracts\DataContracts.csproj", "{5C62C797-B3F9-437F-81BC-6136471B181A}"
EndProject
Project("{9A19103F-16F7-4668-BE54-9A1E7A4F7556}") = "Contracts", "5_Shared\Contracts\Contracts.csproj", "{371EBC05-E01F-45D2-A6FC-65DE4D1E045F}"
EndProject
Project("{2150E333-8FDC-42A3-9474-1A3956D46DE8}") = "MongoDbAccessor", "MongoDbAccessor", "{1ED7CA33-98C8-42F5-9528-567BA087CD01}"
EndProject
Project("{9A19103F-16F7-4668-BE54-9A1E7A4F7556}") = "MongoDbAccessor", "4_ResourceAccessors\MongoDbAccessor\MongoDbAccessor.csproj", "{8A12C1D7-69DD-4FED-B36D-9726DEA3C6F9}"
EndProject
Project("{2150E333-8FDC-42A3-9474-1A3956D46DE8}") = "SQLServerAccessor_Folder", "SQLServerAccessor_Folder", "{80B2346F-CF58-4D0D-BE19-2E1F9411AB31}"
EndProject
Project("{9A19103F-16F7-4668-BE54-9A1E7A4F7556}") = "Engines", "3_Engines\Engines\Engines.csproj", "{0B67931E-738F-468D-8BF2-640C5650A253}"
EndProject
Project("{9A19103F-16F7-4668-BE54-9A1E7A4F7556}") = "UserManager", "2_Managers\UserManager\UserManager.csproj", "{D3CE78BC-1CA9-45C5-92E4-F0EA226207A0}"
EndProject
Project("{2150E333-8FDC-42A3-9474-1A3956D46DE8}") = "MongoDbAccessor_Test", "MongoDbAccessor_Test", "{2AD6AC51-FADA-4A4B-8679-4045F10D5547}"
EndProject
Project("{FAE04EC0-301F-11D3-BF4B-00C04F79EFBC}") = "MongoDbAccessor_Tests", "Tests\MongoDbAccessor_Tests\MongoDbAccessor_Tests.csproj", "{F72D8243-44A9-480B-8E67-BC72EC10C1DB}"
EndProject
Global
	GlobalSection(SolutionConfigurationPlatforms) = preSolution
		Debug|Any CPU = Debug|Any CPU
		Release|Any CPU = Release|Any CPU
	EndGlobalSection
	GlobalSection(ProjectConfigurationPlatforms) = postSolution
		{AE753958-F45B-43F4-80D2-9D19ADE56C86}.Debug|Any CPU.ActiveCfg = Debug|Any CPU
		{AE753958-F45B-43F4-80D2-9D19ADE56C86}.Debug|Any CPU.Build.0 = Debug|Any CPU
		{AE753958-F45B-43F4-80D2-9D19ADE56C86}.Release|Any CPU.ActiveCfg = Release|Any CPU
		{AE753958-F45B-43F4-80D2-9D19ADE56C86}.Release|Any CPU.Build.0 = Release|Any CPU
		{5C62C797-B3F9-437F-81BC-6136471B181A}.Debug|Any CPU.ActiveCfg = Debug|Any CPU
		{5C62C797-B3F9-437F-81BC-6136471B181A}.Debug|Any CPU.Build.0 = Debug|Any CPU
		{5C62C797-B3F9-437F-81BC-6136471B181A}.Release|Any CPU.ActiveCfg = Release|Any CPU
		{5C62C797-B3F9-437F-81BC-6136471B181A}.Release|Any CPU.Build.0 = Release|Any CPU
		{371EBC05-E01F-45D2-A6FC-65DE4D1E045F}.Debug|Any CPU.ActiveCfg = Debug|Any CPU
		{371EBC05-E01F-45D2-A6FC-65DE4D1E045F}.Debug|Any CPU.Build.0 = Debug|Any CPU
		{371EBC05-E01F-45D2-A6FC-65DE4D1E045F}.Release|Any CPU.ActiveCfg = Release|Any CPU
		{371EBC05-E01F-45D2-A6FC-65DE4D1E045F}.Release|Any CPU.Build.0 = Release|Any CPU
		{8A12C1D7-69DD-4FED-B36D-9726DEA3C6F9}.Debug|Any CPU.ActiveCfg = Debug|Any CPU
		{8A12C1D7-69DD-4FED-B36D-9726DEA3C6F9}.Debug|Any CPU.Build.0 = Debug|Any CPU
		{8A12C1D7-69DD-4FED-B36D-9726DEA3C6F9}.Release|Any CPU.ActiveCfg = Release|Any CPU
		{8A12C1D7-69DD-4FED-B36D-9726DEA3C6F9}.Release|Any CPU.Build.0 = Release|Any CPU
		{0B67931E-738F-468D-8BF2-640C5650A253}.Debug|Any CPU.ActiveCfg = Debug|Any CPU
		{0B67931E-738F-468D-8BF2-640C5650A253}.Debug|Any CPU.Build.0 = Debug|Any CPU
		{0B67931E-738F-468D-8BF2-640C5650A253}.Release|Any CPU.ActiveCfg = Release|Any CPU
		{0B67931E-738F-468D-8BF2-640C5650A253}.Release|Any CPU.Build.0 = Release|Any CPU
		{D3CE78BC-1CA9-45C5-92E4-F0EA226207A0}.Debug|Any CPU.ActiveCfg = Debug|Any CPU
		{D3CE78BC-1CA9-45C5-92E4-F0EA226207A0}.Debug|Any CPU.Build.0 = Debug|Any CPU
		{D3CE78BC-1CA9-45C5-92E4-F0EA226207A0}.Release|Any CPU.ActiveCfg = Release|Any CPU
		{D3CE78BC-1CA9-45C5-92E4-F0EA226207A0}.Release|Any CPU.Build.0 = Release|Any CPU
		{F72D8243-44A9-480B-8E67-BC72EC10C1DB}.Debug|Any CPU.ActiveCfg = Debug|Any CPU
		{F72D8243-44A9-480B-8E67-BC72EC10C1DB}.Debug|Any CPU.Build.0 = Debug|Any CPU
		{F72D8243-44A9-480B-8E67-BC72EC10C1DB}.Release|Any CPU.ActiveCfg = Release|Any CPU
		{F72D8243-44A9-480B-8E67-BC72EC10C1DB}.Release|Any CPU.Build.0 = Release|Any CPU
	EndGlobalSection
	GlobalSection(SolutionProperties) = preSolution
		HideSolutionNode = FALSE
	EndGlobalSection
	GlobalSection(NestedProjects) = preSolution
		{FBC0F695-E507-44E6-A148-9D84C5321567} = {2C7235E0-092F-4584-A1A9-AC6549EC73C9}
		{ED341D44-073A-44F4-B32C-FFE32A8CFAAB} = {2C7235E0-092F-4584-A1A9-AC6549EC73C9}
		{13A5135A-B698-4F56-9905-2657357921F2} = {2C7235E0-092F-4584-A1A9-AC6549EC73C9}
		{AE753958-F45B-43F4-80D2-9D19ADE56C86} = {13A5135A-B698-4F56-9905-2657357921F2}
		{5C62C797-B3F9-437F-81BC-6136471B181A} = {ED341D44-073A-44F4-B32C-FFE32A8CFAAB}
		{371EBC05-E01F-45D2-A6FC-65DE4D1E045F} = {FBC0F695-E507-44E6-A148-9D84C5321567}
		{1ED7CA33-98C8-42F5-9528-567BA087CD01} = {ED3684DD-B0FD-4C9E-AA2E-70A421498BAF}
		{8A12C1D7-69DD-4FED-B36D-9726DEA3C6F9} = {1ED7CA33-98C8-42F5-9528-567BA087CD01}
		{80B2346F-CF58-4D0D-BE19-2E1F9411AB31} = {ED3684DD-B0FD-4C9E-AA2E-70A421498BAF}
		{0B67931E-738F-468D-8BF2-640C5650A253} = {F8F9A89F-5119-48DE-81ED-20616E150FFC}
		{D3CE78BC-1CA9-45C5-92E4-F0EA226207A0} = {641B805D-2E47-40D8-99A2-E8592B64F5DD}
		{2AD6AC51-FADA-4A4B-8679-4045F10D5547} = {5EE6C192-139B-4467-8E46-3D132E3AFF1C}
		{F72D8243-44A9-480B-8E67-BC72EC10C1DB} = {2AD6AC51-FADA-4A4B-8679-4045F10D5547}
	EndGlobalSection
	GlobalSection(ExtensibilityGlobals) = postSolution
		SolutionGuid = {041CBA30-1B06-49E1-82ED-98975E3432DA}
	EndGlobalSection
EndGlobal
